
Microsoft Visual Studio Solution File, Format Version 12.00
# Visual Studio Version 16
VisualStudioVersion = 16.0.30413.136
MinimumVisualStudioVersion = 10.0.40219.1
Project("{2150E333-8FDC-42A3-9474-1A3956D46DE8}") = "1 - Application", "1 - Application", "{36D79296-D6A6-4A0B-B8C8-130127A71371}"
EndProject
Project("{2150E333-8FDC-42A3-9474-1A3956D46DE8}") = "2 - Service", "2 - Service", "{AFDD2F03-734C-405D-9801-2A2A03B62E25}"
EndProject
Project("{2150E333-8FDC-42A3-9474-1A3956D46DE8}") = "3 - Domain", "3 - Domain", "{19621526-D490-446F-A5A7-1854AC95E55F}"
EndProject
Project("{2150E333-8FDC-42A3-9474-1A3956D46DE8}") = "4 - Infra", "4 - Infra", "{346DC17F-1E18-42AA-A28C-05F458707428}"
EndProject
Project("{2150E333-8FDC-42A3-9474-1A3956D46DE8}") = "5 - Helper", "5 - Helper", "{6E368E0A-48DC-4D75-A108-E84D85685B3F}"
EndProject
Project("{2150E333-8FDC-42A3-9474-1A3956D46DE8}") = "1.1 - Web", "1.1 - Web", "{4059FCA3-371F-404D-A6DA-3B66A64BD042}"
EndProject
Project("{2150E333-8FDC-42A3-9474-1A3956D46DE8}") = "1.2 - Api", "1.2 - Api", "{8E60AA14-9123-4D6C-B5D6-6291B30709B6}"
EndProject
Project("{9A19103F-16F7-4668-BE54-9A1E7A4F7556}") = "Cartola.Web", "src\Cartola.Web\Cartola.Web.csproj", "{C1A3F768-62B6-4F0F-BE8D-9EEE9931EDB9}"
EndProject
Project("{9A19103F-16F7-4668-BE54-9A1E7A4F7556}") = "Cartola.Api", "src\Cartola.Api\Cartola.Api.csproj", "{ED457F3E-41FD-49BE-AACA-862A3CCCE01F}"
EndProject
Project("{9A19103F-16F7-4668-BE54-9A1E7A4F7556}") = "Cartola.Service", "src\Cartola.Service\Cartola.Service.csproj", "{9C8BBFEE-C138-4744-9221-B52481784DDE}"
EndProject
Project("{9A19103F-16F7-4668-BE54-9A1E7A4F7556}") = "Cartola.Domain", "src\Cartola.Domain\Cartola.Domain.csproj", "{D975353D-3F29-4F04-B207-65DFB1EFCA2E}"
EndProject
Project("{2150E333-8FDC-42A3-9474-1A3956D46DE8}") = "4.1 - CrossCuting", "4.1 - CrossCuting", "{9C95DCBE-C051-467B-8AAD-EB07DE0F5D87}"
EndProject
Project("{2150E333-8FDC-42A3-9474-1A3956D46DE8}") = "4.2 - Data", "4.2 - Data", "{AD658BA4-C6B8-40C4-832E-2E449948C06F}"
EndProject
Project("{9A19103F-16F7-4668-BE54-9A1E7A4F7556}") = "Cartola.Infra", "src\Cartola.Infra\Cartola.Infra.csproj", "{93A1139B-01FC-459C-80AE-E92B105B6EF0}"
EndProject
Project("{9A19103F-16F7-4668-BE54-9A1E7A4F7556}") = "Cartola.Data", "src\Cartola.Data\Cartola.Data.csproj", "{E0EA53AB-7F60-4BA4-8F11-68605C682E21}"
EndProject
Project("{9A19103F-16F7-4668-BE54-9A1E7A4F7556}") = "Cartola.Helper", "src\Cartola.Helper\Cartola.Helper.csproj", "{03BB12B0-20F6-411A-BCE7-6CF404894E8D}"
EndProject
Global
	GlobalSection(SolutionConfigurationPlatforms) = preSolution
		Debug|Any CPU = Debug|Any CPU
		Release|Any CPU = Release|Any CPU
	EndGlobalSection
	GlobalSection(ProjectConfigurationPlatforms) = postSolution
		{C1A3F768-62B6-4F0F-BE8D-9EEE9931EDB9}.Debug|Any CPU.ActiveCfg = Debug|Any CPU
		{C1A3F768-62B6-4F0F-BE8D-9EEE9931EDB9}.Debug|Any CPU.Build.0 = Debug|Any CPU
		{C1A3F768-62B6-4F0F-BE8D-9EEE9931EDB9}.Release|Any CPU.ActiveCfg = Release|Any CPU
		{C1A3F768-62B6-4F0F-BE8D-9EEE9931EDB9}.Release|Any CPU.Build.0 = Release|Any CPU
		{ED457F3E-41FD-49BE-AACA-862A3CCCE01F}.Debug|Any CPU.ActiveCfg = Debug|Any CPU
		{ED457F3E-41FD-49BE-AACA-862A3CCCE01F}.Debug|Any CPU.Build.0 = Debug|Any CPU
		{ED457F3E-41FD-49BE-AACA-862A3CCCE01F}.Release|Any CPU.ActiveCfg = Release|Any CPU
		{ED457F3E-41FD-49BE-AACA-862A3CCCE01F}.Release|Any CPU.Build.0 = Release|Any CPU
		{9C8BBFEE-C138-4744-9221-B52481784DDE}.Debug|Any CPU.ActiveCfg = Debug|Any CPU
		{9C8BBFEE-C138-4744-9221-B52481784DDE}.Debug|Any CPU.Build.0 = Debug|Any CPU
		{9C8BBFEE-C138-4744-9221-B52481784DDE}.Release|Any CPU.ActiveCfg = Release|Any CPU
		{9C8BBFEE-C138-4744-9221-B52481784DDE}.Release|Any CPU.Build.0 = Release|Any CPU
		{D975353D-3F29-4F04-B207-65DFB1EFCA2E}.Debug|Any CPU.ActiveCfg = Debug|Any CPU
		{D975353D-3F29-4F04-B207-65DFB1EFCA2E}.Debug|Any CPU.Build.0 = Debug|Any CPU
		{D975353D-3F29-4F04-B207-65DFB1EFCA2E}.Release|Any CPU.ActiveCfg = Release|Any CPU
		{D975353D-3F29-4F04-B207-65DFB1EFCA2E}.Release|Any CPU.Build.0 = Release|Any CPU
		{93A1139B-01FC-459C-80AE-E92B105B6EF0}.Debug|Any CPU.ActiveCfg = Debug|Any CPU
		{93A1139B-01FC-459C-80AE-E92B105B6EF0}.Debug|Any CPU.Build.0 = Debug|Any CPU
		{93A1139B-01FC-459C-80AE-E92B105B6EF0}.Release|Any CPU.ActiveCfg = Release|Any CPU
		{93A1139B-01FC-459C-80AE-E92B105B6EF0}.Release|Any CPU.Build.0 = Release|Any CPU
		{E0EA53AB-7F60-4BA4-8F11-68605C682E21}.Debug|Any CPU.ActiveCfg = Debug|Any CPU
		{E0EA53AB-7F60-4BA4-8F11-68605C682E21}.Debug|Any CPU.Build.0 = Debug|Any CPU
		{E0EA53AB-7F60-4BA4-8F11-68605C682E21}.Release|Any CPU.ActiveCfg = Release|Any CPU
		{E0EA53AB-7F60-4BA4-8F11-68605C682E21}.Release|Any CPU.Build.0 = Release|Any CPU
		{03BB12B0-20F6-411A-BCE7-6CF404894E8D}.Debug|Any CPU.ActiveCfg = Debug|Any CPU
		{03BB12B0-20F6-411A-BCE7-6CF404894E8D}.Debug|Any CPU.Build.0 = Debug|Any CPU
		{03BB12B0-20F6-411A-BCE7-6CF404894E8D}.Release|Any CPU.ActiveCfg = Release|Any CPU
		{03BB12B0-20F6-411A-BCE7-6CF404894E8D}.Release|Any CPU.Build.0 = Release|Any CPU
	EndGlobalSection
	GlobalSection(SolutionProperties) = preSolution
		HideSolutionNode = FALSE
	EndGlobalSection
	GlobalSection(NestedProjects) = preSolution
		{4059FCA3-371F-404D-A6DA-3B66A64BD042} = {36D79296-D6A6-4A0B-B8C8-130127A71371}
		{8E60AA14-9123-4D6C-B5D6-6291B30709B6} = {36D79296-D6A6-4A0B-B8C8-130127A71371}
		{C1A3F768-62B6-4F0F-BE8D-9EEE9931EDB9} = {4059FCA3-371F-404D-A6DA-3B66A64BD042}
		{ED457F3E-41FD-49BE-AACA-862A3CCCE01F} = {8E60AA14-9123-4D6C-B5D6-6291B30709B6}
		{9C8BBFEE-C138-4744-9221-B52481784DDE} = {AFDD2F03-734C-405D-9801-2A2A03B62E25}
		{D975353D-3F29-4F04-B207-65DFB1EFCA2E} = {19621526-D490-446F-A5A7-1854AC95E55F}
		{9C95DCBE-C051-467B-8AAD-EB07DE0F5D87} = {346DC17F-1E18-42AA-A28C-05F458707428}
		{AD658BA4-C6B8-40C4-832E-2E449948C06F} = {346DC17F-1E18-42AA-A28C-05F458707428}
		{93A1139B-01FC-459C-80AE-E92B105B6EF0} = {9C95DCBE-C051-467B-8AAD-EB07DE0F5D87}
		{E0EA53AB-7F60-4BA4-8F11-68605C682E21} = {AD658BA4-C6B8-40C4-832E-2E449948C06F}
		{03BB12B0-20F6-411A-BCE7-6CF404894E8D} = {6E368E0A-48DC-4D75-A108-E84D85685B3F}
	EndGlobalSection
	GlobalSection(ExtensibilityGlobals) = postSolution
		SolutionGuid = {52305CF7-CEF3-452B-907A-0D4C61928D1E}
	EndGlobalSection
EndGlobal
